
Microsoft Visual Studio Solution File, Format Version 12.00
Project("{2150E333-8FDC-42A3-9474-1A3956D46DE8}") = "Catalog", "Catalog", "{5F2010A9-9495-49A8-AF65-11DBFA07ED48}"
EndProject
Project("{FAE04EC0-301F-11D3-BF4B-00C04F79EFBC}") = "Catalog.API", "Catalog.API\Catalog.API.csproj", "{D72900C2-A610-4FAB-B9D2-4D0F2A345006}"
EndProject
Project("{2150E333-8FDC-42A3-9474-1A3956D46DE8}") = "src", "src", "{EE8FB785-8389-4B3B-B215-87F1266AE4E4}"
EndProject
Project("{2150E333-8FDC-42A3-9474-1A3956D46DE8}") = "Basket", "Basket", "{ECD8925A-024E-4C4A-9788-16F8D03158EE}"
EndProject
Project("{FAE04EC0-301F-11D3-BF4B-00C04F79EFBC}") = "Basket.API", "src\Basket\Basket.API\Basket.API.csproj", "{7258D6FF-DEA3-4690-A972-FEEA55F00278}"
EndProject
Project("{2150E333-8FDC-42A3-9474-1A3956D46DE8}") = "Common", "Common", "{4DAE2846-C1A9-4A3F-A7A7-BE8DDB4AB943}"
EndProject
Project("{FAE04EC0-301F-11D3-BF4B-00C04F79EFBC}") = "EventBusRabbitMQ", "src\common\EventBusRabbitMQ\EventBusRabbitMQ.csproj", "{8DFD5A1E-50F7-458F-9E80-EBB82B5D7296}"
EndProject
Project("{2150E333-8FDC-42A3-9474-1A3956D46DE8}") = "Ordering", "Ordering", "{404B767A-01F5-44E3-B388-DF1D03B7640E}"
EndProject
Project("{FAE04EC0-301F-11D3-BF4B-00C04F79EFBC}") = "Ordering.API", "src\Ordering\Ordering.API\Ordering.API.csproj", "{1FC473E0-2EAE-4143-9831-ED581BF1FA72}"
EndProject
Project("{FAE04EC0-301F-11D3-BF4B-00C04F79EFBC}") = "Ordering.Application", "src\Ordering\Ordering.Application\Ordering.Application.csproj", "{67E0B387-89B6-4B0F-90E8-DB8E0D6D7607}"
EndProject
Project("{FAE04EC0-301F-11D3-BF4B-00C04F79EFBC}") = "Ordering.Core", "src\Ordering\Ordering.Core\Ordering.Core.csproj", "{5A392383-F60D-4588-9A68-D7C83C1C5F8D}"
EndProject
Project("{FAE04EC0-301F-11D3-BF4B-00C04F79EFBC}") = "Ordering.Infrastructure", "src\Ordering\Ordering.Infrastructure\Ordering.Infrastructure.csproj", "{369FE080-2881-4CDF-AA42-270DC9B9682D}"
EndProject
Global
	GlobalSection(SolutionConfigurationPlatforms) = preSolution
		Debug|Any CPU = Debug|Any CPU
		Release|Any CPU = Release|Any CPU
	EndGlobalSection
	GlobalSection(NestedProjects) = preSolution
		{D72900C2-A610-4FAB-B9D2-4D0F2A345006} = {5F2010A9-9495-49A8-AF65-11DBFA07ED48}
		{5F2010A9-9495-49A8-AF65-11DBFA07ED48} = {EE8FB785-8389-4B3B-B215-87F1266AE4E4}
		{ECD8925A-024E-4C4A-9788-16F8D03158EE} = {EE8FB785-8389-4B3B-B215-87F1266AE4E4}
		{7258D6FF-DEA3-4690-A972-FEEA55F00278} = {ECD8925A-024E-4C4A-9788-16F8D03158EE}
		{4DAE2846-C1A9-4A3F-A7A7-BE8DDB4AB943} = {EE8FB785-8389-4B3B-B215-87F1266AE4E4}
		{8DFD5A1E-50F7-458F-9E80-EBB82B5D7296} = {4DAE2846-C1A9-4A3F-A7A7-BE8DDB4AB943}
		{404B767A-01F5-44E3-B388-DF1D03B7640E} = {EE8FB785-8389-4B3B-B215-87F1266AE4E4}
		{1FC473E0-2EAE-4143-9831-ED581BF1FA72} = {404B767A-01F5-44E3-B388-DF1D03B7640E}
		{67E0B387-89B6-4B0F-90E8-DB8E0D6D7607} = {404B767A-01F5-44E3-B388-DF1D03B7640E}
		{5A392383-F60D-4588-9A68-D7C83C1C5F8D} = {404B767A-01F5-44E3-B388-DF1D03B7640E}
		{369FE080-2881-4CDF-AA42-270DC9B9682D} = {404B767A-01F5-44E3-B388-DF1D03B7640E}
	EndGlobalSection
	GlobalSection(ProjectConfigurationPlatforms) = postSolution
		{D72900C2-A610-4FAB-B9D2-4D0F2A345006}.Debug|Any CPU.ActiveCfg = Debug|Any CPU
		{D72900C2-A610-4FAB-B9D2-4D0F2A345006}.Debug|Any CPU.Build.0 = Debug|Any CPU
		{D72900C2-A610-4FAB-B9D2-4D0F2A345006}.Release|Any CPU.ActiveCfg = Release|Any CPU
		{D72900C2-A610-4FAB-B9D2-4D0F2A345006}.Release|Any CPU.Build.0 = Release|Any CPU
		{7258D6FF-DEA3-4690-A972-FEEA55F00278}.Debug|Any CPU.ActiveCfg = Debug|Any CPU
		{7258D6FF-DEA3-4690-A972-FEEA55F00278}.Debug|Any CPU.Build.0 = Debug|Any CPU
		{7258D6FF-DEA3-4690-A972-FEEA55F00278}.Release|Any CPU.ActiveCfg = Release|Any CPU
		{7258D6FF-DEA3-4690-A972-FEEA55F00278}.Release|Any CPU.Build.0 = Release|Any CPU
		{8DFD5A1E-50F7-458F-9E80-EBB82B5D7296}.Debug|Any CPU.ActiveCfg = Debug|Any CPU
		{8DFD5A1E-50F7-458F-9E80-EBB82B5D7296}.Debug|Any CPU.Build.0 = Debug|Any CPU
		{8DFD5A1E-50F7-458F-9E80-EBB82B5D7296}.Release|Any CPU.ActiveCfg = Release|Any CPU
		{8DFD5A1E-50F7-458F-9E80-EBB82B5D7296}.Release|Any CPU.Build.0 = Release|Any CPU
		{1FC473E0-2EAE-4143-9831-ED581BF1FA72}.Debug|Any CPU.ActiveCfg = Debug|Any CPU
		{1FC473E0-2EAE-4143-9831-ED581BF1FA72}.Debug|Any CPU.Build.0 = Debug|Any CPU
		{1FC473E0-2EAE-4143-9831-ED581BF1FA72}.Release|Any CPU.ActiveCfg = Release|Any CPU
		{1FC473E0-2EAE-4143-9831-ED581BF1FA72}.Release|Any CPU.Build.0 = Release|Any CPU
		{67E0B387-89B6-4B0F-90E8-DB8E0D6D7607}.Debug|Any CPU.ActiveCfg = Debug|Any CPU
		{67E0B387-89B6-4B0F-90E8-DB8E0D6D7607}.Debug|Any CPU.Build.0 = Debug|Any CPU
		{67E0B387-89B6-4B0F-90E8-DB8E0D6D7607}.Release|Any CPU.ActiveCfg = Release|Any CPU
		{67E0B387-89B6-4B0F-90E8-DB8E0D6D7607}.Release|Any CPU.Build.0 = Release|Any CPU
		{5A392383-F60D-4588-9A68-D7C83C1C5F8D}.Debug|Any CPU.ActiveCfg = Debug|Any CPU
		{5A392383-F60D-4588-9A68-D7C83C1C5F8D}.Debug|Any CPU.Build.0 = Debug|Any CPU
		{5A392383-F60D-4588-9A68-D7C83C1C5F8D}.Release|Any CPU.ActiveCfg = Release|Any CPU
		{5A392383-F60D-4588-9A68-D7C83C1C5F8D}.Release|Any CPU.Build.0 = Release|Any CPU
		{369FE080-2881-4CDF-AA42-270DC9B9682D}.Debug|Any CPU.ActiveCfg = Debug|Any CPU
		{369FE080-2881-4CDF-AA42-270DC9B9682D}.Debug|Any CPU.Build.0 = Debug|Any CPU
		{369FE080-2881-4CDF-AA42-270DC9B9682D}.Release|Any CPU.ActiveCfg = Release|Any CPU
		{369FE080-2881-4CDF-AA42-270DC9B9682D}.Release|Any CPU.Build.0 = Release|Any CPU
	EndGlobalSection
EndGlobal
